
Microsoft Visual Studio Solution File, Format Version 12.00
# Visual Studio Version 17
VisualStudioVersion = 17.0.31912.275
MinimumVisualStudioVersion = 10.0.40219.1
Project("{9A19103F-16F7-4668-BE54-9A1E7A4F7556}") = "RobertsDbContextExtensions", "RobertsDbContextExtensions\RobertsDbContextExtensions.csproj", "{71837452-4036-40FD-8297-A2AB2D5444F3}"
EndProject
Project("{9A19103F-16F7-4668-BE54-9A1E7A4F7556}") = "RobertsDbContextExtensionsTests", "RobertsDbContextExtensionsTests\RobertsDbContextExtensionsTests.csproj", "{7258D24A-22E2-4092-945E-0845D43D1500}"
EndProject
Project("{2150E333-8FDC-42A3-9474-1A3956D46DE8}") = "Solution Items", "Solution Items", "{4188B881-97BC-46AA-A4FD-9F599E30A34B}"
	ProjectSection(SolutionItems) = preProject
		LICENSE.txt = LICENSE.txt
		README.md = README.md
	EndProjectSection
EndProject
Project("{2150E333-8FDC-42A3-9474-1A3956D46DE8}") = "docs", "docs", "{BC0EAE49-8094-452B-AE7D-DEDC2B49A950}"
	ProjectSection(SolutionItems) = preProject
		docs\DbContextExtensions.md = docs\DbContextExtensions.md
		docs\DbContextExtensions_AddParameterValue(IDbCommand_string_bool).md = docs\DbContextExtensions_AddParameterValue(IDbCommand_string_bool).md
		docs\DbContextExtensions_AddParameterValue(IDbCommand_string_DBNull).md = docs\DbContextExtensions_AddParameterValue(IDbCommand_string_DBNull).md
		docs\DbContextExtensions_AddParameterValue(IDbCommand_string_int).md = docs\DbContextExtensions_AddParameterValue(IDbCommand_string_int).md
		docs\DbContextExtensions_AddParameterValue(IDbCommand_string_object).md = docs\DbContextExtensions_AddParameterValue(IDbCommand_string_object).md
		docs\DbContextExtensions_AddParameterValue(IDbCommand_string_string).md = docs\DbContextExtensions_AddParameterValue(IDbCommand_string_string).md
		docs\DbContextExtensions_CreateCommand(DbContext_string_object__).md = docs\DbContextExtensions_CreateCommand(DbContext_string_object__).md
		docs\DbContextExtensions_ExecuteDynamicList(DbContext_IEnumerable_Type__string_IEnumerable_string__object__).md = docs\DbContextExtensions_ExecuteDynamicList(DbContext_IEnumerable_Type__string_IEnumerable_string__object__).md
		docs\DbContextExtensions_ExecuteDynamicList_T_(DbContext_string_IEnumerable_string__object__).md = docs\DbContextExtensions_ExecuteDynamicList_T_(DbContext_string_IEnumerable_string__object__).md
		docs\DbContextExtensions_ExecuteList_T1_T2_(DbContext_IDbCommand).md = docs\DbContextExtensions_ExecuteList_T1_T2_(DbContext_IDbCommand).md
		docs\DbContextExtensions_ExecuteList_T1_T2_(DbContext_string_object__).md = docs\DbContextExtensions_ExecuteList_T1_T2_(DbContext_string_object__).md
		docs\DbContextExtensions_ExecuteList_T1_T2_T3_(DbContext_IDbCommand).md = docs\DbContextExtensions_ExecuteList_T1_T2_T3_(DbContext_IDbCommand).md
		docs\DbContextExtensions_ExecuteList_T1_T2_T3_(DbContext_string_object__).md = docs\DbContextExtensions_ExecuteList_T1_T2_T3_(DbContext_string_object__).md
		docs\DbContextExtensions_ExecuteList_T1_T2_T3_T4_(DbContext_IDbCommand).md = docs\DbContextExtensions_ExecuteList_T1_T2_T3_T4_(DbContext_IDbCommand).md
		docs\DbContextExtensions_ExecuteList_T1_T2_T3_T4_(DbContext_string_object__).md = docs\DbContextExtensions_ExecuteList_T1_T2_T3_T4_(DbContext_string_object__).md
		docs\DbContextExtensions_ExecuteList_T1_T2_T3_T4_T5_(DbContext_IDbCommand).md = docs\DbContextExtensions_ExecuteList_T1_T2_T3_T4_T5_(DbContext_IDbCommand).md
		docs\DbContextExtensions_ExecuteList_T1_T2_T3_T4_T5_(DbContext_string_object__).md = docs\DbContextExtensions_ExecuteList_T1_T2_T3_T4_T5_(DbContext_string_object__).md
		docs\DbContextExtensions_ExecuteList_T1_T2_T3_T4_T5_T6_(DbContext_IDbCommand).md = docs\DbContextExtensions_ExecuteList_T1_T2_T3_T4_T5_T6_(DbContext_IDbCommand).md
		docs\DbContextExtensions_ExecuteList_T1_T2_T3_T4_T5_T6_(DbContext_string_object__).md = docs\DbContextExtensions_ExecuteList_T1_T2_T3_T4_T5_T6_(DbContext_string_object__).md
		docs\DbContextExtensions_ExecuteList_T_(DbContext_IDbCommand).md = docs\DbContextExtensions_ExecuteList_T_(DbContext_IDbCommand).md
		docs\DbContextExtensions_ExecuteList_T_(DbContext_string_object__).md = docs\DbContextExtensions_ExecuteList_T_(DbContext_string_object__).md
		docs\DbContextExtensions_ExecuteNonQuery(DbContext_string_object__).md = docs\DbContextExtensions_ExecuteNonQuery(DbContext_string_object__).md
		docs\DbContextExtensions_ExecuteScalar_T_(DbContext_IDbCommand).md = docs\DbContextExtensions_ExecuteScalar_T_(DbContext_IDbCommand).md
		docs\DbContextExtensions_ExecuteScalar_T_(DbContext_string_object__).md = docs\DbContextExtensions_ExecuteScalar_T_(DbContext_string_object__).md
		docs\DbContextExtensions_ExecuteScalar_T_(IDbCommand).md = docs\DbContextExtensions_ExecuteScalar_T_(IDbCommand).md
		docs\DbContextExtensions_ExecuteScalarStream(DbContext_string_object__).md = docs\DbContextExtensions_ExecuteScalarStream(DbContext_string_object__).md
		docs\DbContextExtensions_ExecuteScalarStream(IDbCommand).md = docs\DbContextExtensions_ExecuteScalarStream(IDbCommand).md
		docs\DbContextExtensions_LoadDataset(DbContext_DbCommand).md = docs\DbContextExtensions_LoadDataset(DbContext_DbCommand).md
		docs\DbContextExtensions_LoadDataset_T1_T2_(DbContext_DbCommand_string_Action_T1_IList_T2___string).md = docs\DbContextExtensions_LoadDataset_T1_T2_(DbContext_DbCommand_string_Action_T1_IList_T2___string).md
		docs\DbContextExtensions_LoadDataTable(DbContext_IDbCommand).md = docs\DbContextExtensions_LoadDataTable(DbContext_IDbCommand).md
		docs\DbContextExtensions_LoadDataTable(DbContext_string).md = docs\DbContextExtensions_LoadDataTable(DbContext_string).md
		docs\RobertsDbContextExtensions.md = docs\RobertsDbContextExtensions.md
	EndProjectSection
EndProject
Global
	GlobalSection(SolutionConfigurationPlatforms) = preSolution
		Debug|Any CPU = Debug|Any CPU
		Release|Any CPU = Release|Any CPU
	EndGlobalSection
	GlobalSection(ProjectConfigurationPlatforms) = postSolution
		{71837452-4036-40FD-8297-A2AB2D5444F3}.Debug|Any CPU.ActiveCfg = Debug|Any CPU
		{71837452-4036-40FD-8297-A2AB2D5444F3}.Debug|Any CPU.Build.0 = Debug|Any CPU
		{71837452-4036-40FD-8297-A2AB2D5444F3}.Release|Any CPU.ActiveCfg = Release|Any CPU
		{71837452-4036-40FD-8297-A2AB2D5444F3}.Release|Any CPU.Build.0 = Release|Any CPU
		{7258D24A-22E2-4092-945E-0845D43D1500}.Debug|Any CPU.ActiveCfg = Debug|Any CPU
		{7258D24A-22E2-4092-945E-0845D43D1500}.Debug|Any CPU.Build.0 = Debug|Any CPU
		{7258D24A-22E2-4092-945E-0845D43D1500}.Release|Any CPU.ActiveCfg = Release|Any CPU
		{7258D24A-22E2-4092-945E-0845D43D1500}.Release|Any CPU.Build.0 = Release|Any CPU
	EndGlobalSection
	GlobalSection(SolutionProperties) = preSolution
		HideSolutionNode = FALSE
	EndGlobalSection
	GlobalSection(ExtensibilityGlobals) = postSolution
		SolutionGuid = {C608E3C9-2BFE-4FD3-AB35-7806E45CA6CC}
	EndGlobalSection
EndGlobal
